# This file is automatically @generated by Cargo.
# It is not intended for manual editing.
version = 4

[[package]]
name = "veritypay-reference"
version = "0.0.0"
dependencies = [
 "vp-reference-core",
 "vp-reference-interpreter",
 "vp-reference-model",
 "vp-reference-report",
 "vp-reference-spec",
]

[[package]]
name = "vp-reference-cli"
version = "0.0.0"
dependencies = [
 "vp-reference-core",
 "vp-reference-interpreter",
 "vp-reference-model",
 "vp-reference-report",
 "vp-reference-spec",
]

[[package]]
name = "vp-reference-core"
version = "0.0.0"
dependencies = [
 "vp-reference-model",
]

[[package]]
name = "vp-reference-interpreter"
version = "0.0.0"
dependencies = [
 "vp-reference-core",
 "vp-reference-model",
]

[[package]]
name = "vp-reference-model"
version = "0.0.0"

[[package]]
name = "vp-reference-report"
version = "0.0.0"
dependencies = [
 "vp-reference-core",
 "vp-reference-model",
]

[[package]]
name = "vp-reference-spec"
version = "0.0.0"
dependencies = [
 "vp-reference-core",
]
